
Microsoft Visual Studio Solution File, Format Version 12.00
# Visual Studio Version 16
VisualStudioVersion = 16.0.30907.101
MinimumVisualStudioVersion = 10.0.40219.1
Project("{FAE04EC0-301F-11D3-BF4B-00C04F79EFBC}") = "Carter.Issues.N276", "Carter.Issues.N276\Carter.Issues.N276.csproj", "{D438FCD9-AC9B-4E6E-A218-CEEA67F62E63}"
EndProject
Project("{FAE04EC0-301F-11D3-BF4B-00C04F79EFBC}") = "Carter.Issues.N276.Tests", "Carter.Issues.N276.Tests\Carter.Issues.N276.Tests.csproj", "{BAAEE8F8-270C-4177-8628-1C1248C63E2F}"
EndProject
Global
	GlobalSection(SolutionConfigurationPlatforms) = preSolution
		Debug|Any CPU = Debug|Any CPU
		Release|Any CPU = Release|Any CPU
	EndGlobalSection
	GlobalSection(ProjectConfigurationPlatforms) = postSolution
		{D438FCD9-AC9B-4E6E-A218-CEEA67F62E63}.Debug|Any CPU.ActiveCfg = Debug|Any CPU
		{D438FCD9-AC9B-4E6E-A218-CEEA67F62E63}.Debug|Any CPU.Build.0 = Debug|Any CPU
		{D438FCD9-AC9B-4E6E-A218-CEEA67F62E63}.Release|Any CPU.ActiveCfg = Release|Any CPU
		{D438FCD9-AC9B-4E6E-A218-CEEA67F62E63}.Release|Any CPU.Build.0 = Release|Any CPU
		{BAAEE8F8-270C-4177-8628-1C1248C63E2F}.Debug|Any CPU.ActiveCfg = Debug|Any CPU
		{BAAEE8F8-270C-4177-8628-1C1248C63E2F}.Debug|Any CPU.Build.0 = Debug|Any CPU
		{BAAEE8F8-270C-4177-8628-1C1248C63E2F}.Release|Any CPU.ActiveCfg = Release|Any CPU
		{BAAEE8F8-270C-4177-8628-1C1248C63E2F}.Release|Any CPU.Build.0 = Release|Any CPU
	EndGlobalSection
	GlobalSection(SolutionProperties) = preSolution
		HideSolutionNode = FALSE
	EndGlobalSection
	GlobalSection(ExtensibilityGlobals) = postSolution
		SolutionGuid = {796C6E16-4C61-4FB0-B41E-0CF29B68ABD7}
	EndGlobalSection
EndGlobal
